
Microsoft Visual Studio Solution File, Format Version 12.00
# Visual Studio Version 17
VisualStudioVersion = 17.10.35122.118
MinimumVisualStudioVersion = 10.0.40219.1
Project("{9A19103F-16F7-4668-BE54-9A1E7A4F7556}") = "DemoApp", "DemoApp\DemoApp.csproj", "{2B00BC82-E1CB-4339-ACF7-935EFBF65934}"
EndProject
Project("{9A19103F-16F7-4668-BE54-9A1E7A4F7556}") = "OopsDemo", "OopsDemo\OopsDemo.csproj", "{790FA4DF-2FB8-43E0-B61A-4ED685D83BDA}"
EndProject
Project("{9A19103F-16F7-4668-BE54-9A1E7A4F7556}") = "Task", "Task\Task.csproj", "{275A6674-E135-4A57-B111-5580CC3AC8FC}"
EndProject
Project("{9A19103F-16F7-4668-BE54-9A1E7A4F7556}") = "oopsAdvanceDemo", "oopsAdvanceDemo\oopsAdvanceDemo.csproj", "{5AD34824-9ECD-4F0C-BAD6-C49C6CBB25D5}"
EndProject
Project("{9A19103F-16F7-4668-BE54-9A1E7A4F7556}") = "InterfaceDemo", "InterfaceDemo\InterfaceDemo.csproj", "{221CBF1B-1C03-47AC-88A7-91D16973F25D}"
EndProject
Project("{9A19103F-16F7-4668-BE54-9A1E7A4F7556}") = "InterfaceTask", "InterfaceTask\InterfaceTask.csproj", "{FC71AE5E-4B2C-49FE-88E2-7C053A6A519F}"
EndProject
Project("{9A19103F-16F7-4668-BE54-9A1E7A4F7556}") = "enumeration", "enumeration\enumeration.csproj", "{F4180593-60ED-474F-8D80-70B6B9892319}"
EndProject
Project("{9A19103F-16F7-4668-BE54-9A1E7A4F7556}") = "Array", "Array\Array.csproj", "{46D515C5-216F-4951-980C-181FCABD3691}"
EndProject
Project("{9A19103F-16F7-4668-BE54-9A1E7A4F7556}") = "Collection", "Collection\Collection.csproj", "{4D1E03B7-3C98-40AA-8548-9D5E3E26C53D}"
EndProject
Project("{9A19103F-16F7-4668-BE54-9A1E7A4F7556}") = "ListTask", "ListTask\ListTask.csproj", "{F2A594A6-FB21-446D-A377-1765D013185C}"
EndProject
Project("{9A19103F-16F7-4668-BE54-9A1E7A4F7556}") = "LINQ", "LINQ\LINQ.csproj", "{521CB57F-598E-4B4E-B458-9A73F21DA109}"
EndProject
Project("{9A19103F-16F7-4668-BE54-9A1E7A4F7556}") = "CollectionDemo", "CollectionDemo\CollectionDemo.csproj", "{D53A2AE4-726F-4CD1-8198-CF8E463BAD4A}"
EndProject
Project("{9A19103F-16F7-4668-BE54-9A1E7A4F7556}") = "dict", "dict\dict.csproj", "{3EE5BFD7-42D5-4BF2-A432-214A23C207B6}"
EndProject
Project("{9A19103F-16F7-4668-BE54-9A1E7A4F7556}") = "shape", "shape\shape.csproj", "{D43DD7AC-1BA0-4F30-9489-FF6B16B3B4F6}"
EndProject
Project("{FAE04EC0-301F-11D3-BF4B-00C04F79EFBC}") = "delegates", "delegates\delegates.csproj", "{68099C35-00E9-4B84-BDCF-EA91DD171ACD}"
EndProject
Global
	GlobalSection(SolutionConfigurationPlatforms) = preSolution
		Debug|Any CPU = Debug|Any CPU
		Release|Any CPU = Release|Any CPU
	EndGlobalSection
	GlobalSection(ProjectConfigurationPlatforms) = postSolution
		{2B00BC82-E1CB-4339-ACF7-935EFBF65934}.Debug|Any CPU.ActiveCfg = Debug|Any CPU
		{2B00BC82-E1CB-4339-ACF7-935EFBF65934}.Debug|Any CPU.Build.0 = Debug|Any CPU
		{2B00BC82-E1CB-4339-ACF7-935EFBF65934}.Release|Any CPU.ActiveCfg = Release|Any CPU
		{2B00BC82-E1CB-4339-ACF7-935EFBF65934}.Release|Any CPU.Build.0 = Release|Any CPU
		{790FA4DF-2FB8-43E0-B61A-4ED685D83BDA}.Debug|Any CPU.ActiveCfg = Debug|Any CPU
		{790FA4DF-2FB8-43E0-B61A-4ED685D83BDA}.Debug|Any CPU.Build.0 = Debug|Any CPU
		{790FA4DF-2FB8-43E0-B61A-4ED685D83BDA}.Release|Any CPU.ActiveCfg = Release|Any CPU
		{790FA4DF-2FB8-43E0-B61A-4ED685D83BDA}.Release|Any CPU.Build.0 = Release|Any CPU
		{275A6674-E135-4A57-B111-5580CC3AC8FC}.Debug|Any CPU.ActiveCfg = Debug|Any CPU
		{275A6674-E135-4A57-B111-5580CC3AC8FC}.Debug|Any CPU.Build.0 = Debug|Any CPU
		{275A6674-E135-4A57-B111-5580CC3AC8FC}.Release|Any CPU.ActiveCfg = Release|Any CPU
		{275A6674-E135-4A57-B111-5580CC3AC8FC}.Release|Any CPU.Build.0 = Release|Any CPU
		{5AD34824-9ECD-4F0C-BAD6-C49C6CBB25D5}.Debug|Any CPU.ActiveCfg = Debug|Any CPU
		{5AD34824-9ECD-4F0C-BAD6-C49C6CBB25D5}.Debug|Any CPU.Build.0 = Debug|Any CPU
		{5AD34824-9ECD-4F0C-BAD6-C49C6CBB25D5}.Release|Any CPU.ActiveCfg = Release|Any CPU
		{5AD34824-9ECD-4F0C-BAD6-C49C6CBB25D5}.Release|Any CPU.Build.0 = Release|Any CPU
		{221CBF1B-1C03-47AC-88A7-91D16973F25D}.Debug|Any CPU.ActiveCfg = Debug|Any CPU
		{221CBF1B-1C03-47AC-88A7-91D16973F25D}.Debug|Any CPU.Build.0 = Debug|Any CPU
		{221CBF1B-1C03-47AC-88A7-91D16973F25D}.Release|Any CPU.ActiveCfg = Release|Any CPU
		{221CBF1B-1C03-47AC-88A7-91D16973F25D}.Release|Any CPU.Build.0 = Release|Any CPU
		{FC71AE5E-4B2C-49FE-88E2-7C053A6A519F}.Debug|Any CPU.ActiveCfg = Debug|Any CPU
		{FC71AE5E-4B2C-49FE-88E2-7C053A6A519F}.Debug|Any CPU.Build.0 = Debug|Any CPU
		{FC71AE5E-4B2C-49FE-88E2-7C053A6A519F}.Release|Any CPU.ActiveCfg = Release|Any CPU
		{FC71AE5E-4B2C-49FE-88E2-7C053A6A519F}.Release|Any CPU.Build.0 = Release|Any CPU
		{F4180593-60ED-474F-8D80-70B6B9892319}.Debug|Any CPU.ActiveCfg = Debug|Any CPU
		{F4180593-60ED-474F-8D80-70B6B9892319}.Debug|Any CPU.Build.0 = Debug|Any CPU
		{F4180593-60ED-474F-8D80-70B6B9892319}.Release|Any CPU.ActiveCfg = Release|Any CPU
		{F4180593-60ED-474F-8D80-70B6B9892319}.Release|Any CPU.Build.0 = Release|Any CPU
		{46D515C5-216F-4951-980C-181FCABD3691}.Debug|Any CPU.ActiveCfg = Debug|Any CPU
		{46D515C5-216F-4951-980C-181FCABD3691}.Debug|Any CPU.Build.0 = Debug|Any CPU
		{46D515C5-216F-4951-980C-181FCABD3691}.Release|Any CPU.ActiveCfg = Release|Any CPU
		{46D515C5-216F-4951-980C-181FCABD3691}.Release|Any CPU.Build.0 = Release|Any CPU
		{4D1E03B7-3C98-40AA-8548-9D5E3E26C53D}.Debug|Any CPU.ActiveCfg = Debug|Any CPU
		{4D1E03B7-3C98-40AA-8548-9D5E3E26C53D}.Debug|Any CPU.Build.0 = Debug|Any CPU
		{4D1E03B7-3C98-40AA-8548-9D5E3E26C53D}.Release|Any CPU.ActiveCfg = Release|Any CPU
		{4D1E03B7-3C98-40AA-8548-9D5E3E26C53D}.Release|Any CPU.Build.0 = Release|Any CPU
		{F2A594A6-FB21-446D-A377-1765D013185C}.Debug|Any CPU.ActiveCfg = Debug|Any CPU
		{F2A594A6-FB21-446D-A377-1765D013185C}.Debug|Any CPU.Build.0 = Debug|Any CPU
		{F2A594A6-FB21-446D-A377-1765D013185C}.Release|Any CPU.ActiveCfg = Release|Any CPU
		{F2A594A6-FB21-446D-A377-1765D013185C}.Release|Any CPU.Build.0 = Release|Any CPU
		{521CB57F-598E-4B4E-B458-9A73F21DA109}.Debug|Any CPU.ActiveCfg = Debug|Any CPU
		{521CB57F-598E-4B4E-B458-9A73F21DA109}.Debug|Any CPU.Build.0 = Debug|Any CPU
		{521CB57F-598E-4B4E-B458-9A73F21DA109}.Release|Any CPU.ActiveCfg = Release|Any CPU
		{521CB57F-598E-4B4E-B458-9A73F21DA109}.Release|Any CPU.Build.0 = Release|Any CPU
		{D53A2AE4-726F-4CD1-8198-CF8E463BAD4A}.Debug|Any CPU.ActiveCfg = Debug|Any CPU
		{D53A2AE4-726F-4CD1-8198-CF8E463BAD4A}.Debug|Any CPU.Build.0 = Debug|Any CPU
		{D53A2AE4-726F-4CD1-8198-CF8E463BAD4A}.Release|Any CPU.ActiveCfg = Release|Any CPU
		{D53A2AE4-726F-4CD1-8198-CF8E463BAD4A}.Release|Any CPU.Build.0 = Release|Any CPU
		{3EE5BFD7-42D5-4BF2-A432-214A23C207B6}.Debug|Any CPU.ActiveCfg = Debug|Any CPU
		{3EE5BFD7-42D5-4BF2-A432-214A23C207B6}.Debug|Any CPU.Build.0 = Debug|Any CPU
		{3EE5BFD7-42D5-4BF2-A432-214A23C207B6}.Release|Any CPU.ActiveCfg = Release|Any CPU
		{3EE5BFD7-42D5-4BF2-A432-214A23C207B6}.Release|Any CPU.Build.0 = Release|Any CPU
		{D43DD7AC-1BA0-4F30-9489-FF6B16B3B4F6}.Debug|Any CPU.ActiveCfg = Debug|Any CPU
		{D43DD7AC-1BA0-4F30-9489-FF6B16B3B4F6}.Debug|Any CPU.Build.0 = Debug|Any CPU
		{D43DD7AC-1BA0-4F30-9489-FF6B16B3B4F6}.Release|Any CPU.ActiveCfg = Release|Any CPU
		{D43DD7AC-1BA0-4F30-9489-FF6B16B3B4F6}.Release|Any CPU.Build.0 = Release|Any CPU
		{68099C35-00E9-4B84-BDCF-EA91DD171ACD}.Debug|Any CPU.ActiveCfg = Debug|Any CPU
		{68099C35-00E9-4B84-BDCF-EA91DD171ACD}.Debug|Any CPU.Build.0 = Debug|Any CPU
		{68099C35-00E9-4B84-BDCF-EA91DD171ACD}.Release|Any CPU.ActiveCfg = Release|Any CPU
		{68099C35-00E9-4B84-BDCF-EA91DD171ACD}.Release|Any CPU.Build.0 = Release|Any CPU
	EndGlobalSection
	GlobalSection(SolutionProperties) = preSolution
		HideSolutionNode = FALSE
	EndGlobalSection
	GlobalSection(ExtensibilityGlobals) = postSolution
		SolutionGuid = {32FE30C7-93E2-48D7-BFB5-14C461722093}
	EndGlobalSection
EndGlobal
