
Microsoft Visual Studio Solution File, Format Version 12.00
# Visual Studio Version 17
VisualStudioVersion = 17.11.35208.52
MinimumVisualStudioVersion = 10.0.40219.1
Project("{FAE04EC0-301F-11D3-BF4B-00C04F79EFBC}") = "CRUDPractice", "CRUDPractice\CRUDPractice.csproj", "{BCFD4597-A183-4FE0-B14A-C5D0CD9A8986}"
EndProject
Global
	GlobalSection(SolutionConfigurationPlatforms) = preSolution
		Debug|Any CPU = Debug|Any CPU
		Release|Any CPU = Release|Any CPU
	EndGlobalSection
	GlobalSection(ProjectConfigurationPlatforms) = postSolution
		{BCFD4597-A183-4FE0-B14A-C5D0CD9A8986}.Debug|Any CPU.ActiveCfg = Debug|Any CPU
		{BCFD4597-A183-4FE0-B14A-C5D0CD9A8986}.Debug|Any CPU.Build.0 = Debug|Any CPU
		{BCFD4597-A183-4FE0-B14A-C5D0CD9A8986}.Release|Any CPU.ActiveCfg = Release|Any CPU
		{BCFD4597-A183-4FE0-B14A-C5D0CD9A8986}.Release|Any CPU.Build.0 = Release|Any CPU
	EndGlobalSection
	GlobalSection(SolutionProperties) = preSolution
		HideSolutionNode = FALSE
	EndGlobalSection
	GlobalSection(ExtensibilityGlobals) = postSolution
		SolutionGuid = {C589DCC5-4050-4A9F-8CF2-3567E87BCF5A}
	EndGlobalSection
EndGlobal
